// !$*UTF8*$!
{
	archiveVersion = 1;
	classes = {
	};
	objectVersion = 46;
	objects = {

/* Begin PBXBuildFile section */
		B06EBC5F1DD4D81000F42010 /* AppDelegate.swift in Sources */ = {isa = PBXBuildFile; fileRef = B06EBC5E1DD4D81000F42010 /* AppDelegate.swift */; };
		B06EBC611DD4D81000F42010 /* ViewController.swift in Sources */ = {isa = PBXBuildFile; fileRef = B06EBC601DD4D81000F42010 /* ViewController.swift */; };
		B06EBC641DD4D81000F42010 /* Main.storyboard in Resources */ = {isa = PBXBuildFile; fileRef = B06EBC621DD4D81000F42010 /* Main.storyboard */; };
		B06EBC671DD4D81000F42010 /* TravelRepublicApp.xcdatamodeld in Sources */ = {isa = PBXBuildFile; fileRef = B06EBC651DD4D81000F42010 /* TravelRepublicApp.xcdatamodeld */; };
		B06EBC691DD4D81000F42010 /* Assets.xcassets in Resources */ = {isa = PBXBuildFile; fileRef = B06EBC681DD4D81000F42010 /* Assets.xcassets */; };
		B06EBC6C1DD4D81000F42010 /* LaunchScreen.storyboard in Resources */ = {isa = PBXBuildFile; fileRef = B06EBC6A1DD4D81000F42010 /* LaunchScreen.storyboard */; };
		B06EBC771DD4D81000F42010 /* TravelRepublicAppTests.swift in Sources */ = {isa = PBXBuildFile; fileRef = B06EBC761DD4D81000F42010 /* TravelRepublicAppTests.swift */; };
/* End PBXBuildFile section */

/* Begin PBXContainerItemProxy section */
		B06EBC731DD4D81000F42010 /* PBXContainerItemProxy */ = {
			isa = PBXContainerItemProxy;
			containerPortal = B06EBC531DD4D80F00F42010 /* Project object */;
			proxyType = 1;
			remoteGlobalIDString = B06EBC5A1DD4D81000F42010;
			remoteInfo = TravelRepublicApp;
		};
/* End PBXContainerItemProxy section */

/* Begin PBXFileReference section */
		B06EBC5B1DD4D81000F42010 /* TravelRepublicApp.app */ = {isa = PBXFileReference; explicitFileType = wrapper.application; includeInIndex = 0; path = TravelRepublicApp.app; sourceTree = BUILT_PRODUCTS_DIR; };
		B06EBC5E1DD4D81000F42010 /* AppDelegate.swift */ = {isa = PBXFileReference; lastKnownFileType = sourcecode.swift; path = AppDelegate.swift; sourceTree = "<group>"; };
		B06EBC601DD4D81000F42010 /* ViewController.swift */ = {isa = PBXFileReference; lastKnownFileType = sourcecode.swift; path = ViewController.swift; sourceTree = "<group>"; };
		B06EBC631DD4D81000F42010 /* Base */ = {isa = PBXFileReference; lastKnownFileType = file.storyboard; name = Base; path = Base.lproj/Main.storyboard; sourceTree = "<group>"; };
		B06EBC661DD4D81000F42010 /* TravelRepublicApp.xcdatamodel */ = {isa = PBXFileReference; lastKnownFileType = wrapper.xcdatamodel; path = TravelRepublicApp.xcdatamodel; sourceTree = "<group>"; };
		B06EBC681DD4D81000F42010 /* Assets.xcassets */ = {isa = PBXFileReference; lastKnownFileType = folder.assetcatalog; path = Assets.xcassets; sourceTree = "<group>"; };
		B06EBC6B1DD4D81000F42010 /* Base */ = {isa = PBXFileReference; lastKnownFileType = file.storyboard; name = Base; path = Base.lproj/LaunchScreen.storyboard; sourceTree = "<group>"; };
		B06EBC6D1DD4D81000F42010 /* Info.plist */ = {isa = PBXFileReference; lastKnownFileType = text.plist.xml; path = Info.plist; sourceTree = "<group>"; };
		B06EBC721DD4D81000F42010 /* TravelRepublicAppTests.xctest */ = {isa = PBXFileReference; explicitFileType = wrapper.cfbundle; includeInIndex = 0; path = TravelRepublicAppTests.xctest; sourceTree = BUILT_PRODUCTS_DIR; };
		B06EBC761DD4D81000F42010 /* TravelRepublicAppTests.swift */ = {isa = PBXFileReference; lastKnownFileType = sourcecode.swift; path = TravelRepublicAppTests.swift; sourceTree = "<group>"; };
		B06EBC781DD4D81000F42010 /* Info.plist */ = {isa = PBXFileReference; lastKnownFileType = text.plist.xml; path = Info.plist; sourceTree = "<group>"; };
/* End PBXFileReference section */

/* Begin PBXFrameworksBuildPhase section */
		B06EBC581DD4D81000F42010 /* Frameworks */ = {
			isa = PBXFrameworksBuildPhase;
			buildActionMask = 2147483647;
			files = (
			);
			runOnlyForDeploymentPostprocessing = 0;
		};
		B06EBC6F1DD4D81000F42010 /* Frameworks */ = {
			isa = PBXFrameworksBuildPhase;
			buildActionMask = 2147483647;
			files = (
			);
			runOnlyForDeploymentPostprocessing = 0;
		};
/* End PBXFrameworksBuildPhase section */

/* Begin PBXGroup section */
		B06EBC521DD4D80F00F42010 = {
			isa = PBXGroup;
			children = (
				B06EBC5D1DD4D81000F42010 /* TravelRepublicApp */,
				B06EBC751DD4D81000F42010 /* TravelRepublicAppTests */,
				B06EBC5C1DD4D81000F42010 /* Products */,
			);
			sourceTree = "<group>";
		};
		B06EBC5C1DD4D81000F42010 /* Products */ = {
			isa = PBXGroup;
			children = (
				B06EBC5B1DD4D81000F42010 /* TravelRepublicApp.app */,
				B06EBC721DD4D81000F42010 /* TravelRepublicAppTests.xctest */,
			);
			name = Products;
			sourceTree = "<group>";
		};
		B06EBC5D1DD4D81000F42010 /* TravelRepublicApp */ = {
			isa = PBXGroup;
			children = (
				B06EBC5E1DD4D81000F42010 /* AppDelegate.swift */,
				B06EBC601DD4D81000F42010 /* ViewController.swift */,
				B06EBC621DD4D81000F42010 /* Main.storyboard */,
				B06EBC681DD4D81000F42010 /* Assets.xcassets */,
				B06EBC6A1DD4D81000F42010 /* LaunchScreen.storyboard */,
				B06EBC6D1DD4D81000F42010 /* Info.plist */,
				B06EBC651DD4D81000F42010 /* TravelRepublicApp.xcdatamodeld */,
			);
			path = TravelRepublicApp;
			sourceTree = "<group>";
		};
		B06EBC751DD4D81000F42010 /* TravelRepublicAppTests */ = {
			isa = PBXGroup;
			children = (
				B06EBC761DD4D81000F42010 /* TravelRepublicAppTests.swift */,
				B06EBC781DD4D81000F42010 /* Info.plist */,
			);
			path = TravelRepublicAppTests;
			sourceTree = "<group>";
		};
/* End PBXGroup section */

/* Begin PBXNativeTarget section */
		B06EBC5A1DD4D81000F42010 /* TravelRepublicApp */ = {
			isa = PBXNativeTarget;
			buildConfigurationList = B06EBC7B1DD4D81000F42010 /* Build configuration list for PBXNativeTarget "TravelRepublicApp" */;
			buildPhases = (
				B06EBC571DD4D81000F42010 /* Sources */,
				B06EBC581DD4D81000F42010 /* Frameworks */,
				B06EBC591DD4D81000F42010 /* Resources */,
			);
			buildRules = (
			);
			dependencies = (
			);
			name = TravelRepublicApp;
			productName = TravelRepublicApp;
			productReference = B06EBC5B1DD4D81000F42010 /* TravelRepublicApp.app */;
			productType = "com.apple.product-type.application";
		};
		B06EBC711DD4D81000F42010 /* TravelRepublicAppTests */ = {
			isa = PBXNativeTarget;
			buildConfigurationList = B06EBC7E1DD4D81000F42010 /* Build configuration list for PBXNativeTarget "TravelRepublicAppTests" */;
			buildPhases = (
				B06EBC6E1DD4D81000F42010 /* Sources */,
				B06EBC6F1DD4D81000F42010 /* Frameworks */,
				B06EBC701DD4D81000F42010 /* Resources */,
			);
			buildRules = (
			);
			dependencies = (
				B06EBC741DD4D81000F42010 /* PBXTargetDependency */,
			);
			name = TravelRepublicAppTests;
			productName = TravelRepublicAppTests;
			productReference = B06EBC721DD4D81000F42010 /* TravelRepublicAppTests.xctest */;
			productType = "com.apple.product-type.bundle.unit-test";
		};
/* End PBXNativeTarget section */

/* Begin PBXProject section */
		B06EBC531DD4D80F00F42010 /* Project object */ = {
			isa = PBXProject;
			attributes = {
				LastSwiftUpdateCheck = 0800;
				LastUpgradeCheck = 0800;
				ORGANIZATIONNAME = "Yue Chen";
				TargetAttributes = {
					B06EBC5A1DD4D81000F42010 = {
						CreatedOnToolsVersion = 8.0;
						ProvisioningStyle = Automatic;
					};
					B06EBC711DD4D81000F42010 = {
						CreatedOnToolsVersion = 8.0;
						ProvisioningStyle = Automatic;
						TestTargetID = B06EBC5A1DD4D81000F42010;
					};
				};
			};
			buildConfigurationList = B06EBC561DD4D80F00F42010 /* Build configuration list for PBXProject "TravelRepublicApp" */;
			compatibilityVersion = "Xcode 3.2";
			developmentRegion = English;
			hasScannedForEncodings = 0;
			knownRegions = (
				en,
				Base,
			);
			mainGroup = B06EBC521DD4D80F00F42010;
			productRefGroup = B06EBC5C1DD4D81000F42010 /* Products */;
			projectDirPath = "";
			projectRoot = "";
			targets = (
				B06EBC5A1DD4D81000F42010 /* TravelRepublicApp */,
				B06EBC711DD4D81000F42010 /* TravelRepublicAppTests */,
			);
		};
/* End PBXProject section */

/* Begin PBXResourcesBuildPhase section */
		B06EBC591DD4D81000F42010 /* Resources */ = {
			isa = PBXResourcesBuildPhase;
			buildActionMask = 2147483647;
			files = (
				B06EBC6C1DD4D81000F42010 /* LaunchScreen.storyboard in Resources */,
				B06EBC691DD4D81000F42010 /* Assets.xcassets in Resources */,
				B06EBC641DD4D81000F42010 /* Main.storyboard in Resources */,
			);
			runOnlyForDeploymentPostprocessing = 0;
		};
		B06EBC701DD4D81000F42010 /* Resources */ = {
			isa = PBXResourcesBuildPhase;
			buildActionMask = 2147483647;
			files = (
			);
			runOnlyForDeploymentPostprocessing = 0;
		};
/* End PBXResourcesBuildPhase section */

/* Begin PBXSourcesBuildPhase section */
		B06EBC571DD4D81000F42010 /* Sources */ = {
			isa = PBXSourcesBuildPhase;
			buildActionMask = 2147483647;
			files = (
				B06EBC671DD4D81000F42010 /* TravelRepublicApp.xcdatamodeld in Sources */,
				B06EBC611DD4D81000F42010 /* ViewController.swift in Sources */,
				B06EBC5F1DD4D81000F42010 /* AppDelegate.swift in Sources */,
			);
			runOnlyForDeploymentPostprocessing = 0;
		};
		B06EBC6E1DD4D81000F42010 /* Sources */ = {
			isa = PBXSourcesBuildPhase;
			buildActionMask = 2147483647;
			files = (
				B06EBC771DD4D81000F42010 /* TravelRepublicAppTests.swift in Sources */,
			);
			runOnlyForDeploymentPostprocessing = 0;
		};
/* End PBXSourcesBuildPhase section */

/* Begin PBXTargetDependency section */
		B06EBC741DD4D81000F42010 /* PBXTargetDependency */ = {
			isa = PBXTargetDependency;
			target = B06EBC5A1DD4D81000F42010 /* TravelRepublicApp */;
			targetProxy = B06EBC731DD4D81000F42010 /* PBXContainerItemProxy */;
		};
/* End PBXTargetDependency section */

/* Begin PBXVariantGroup section */
		B06EBC621DD4D81000F42010 /* Main.storyboard */ = {
			isa = PBXVariantGroup;
			children = (
				B06EBC631DD4D81000F42010 /* Base */,
			);
			name = Main.storyboard;
			sourceTree = "<group>";
		};
		B06EBC6A1DD4D81000F42010 /* LaunchScreen.storyboard */ = {
			isa = PBXVariantGroup;
			children = (
				B06EBC6B1DD4D81000F42010 /* Base */,
			);
			name = LaunchScreen.storyboard;
			sourceTree = "<group>";
		};
/* End PBXVariantGroup section */

/* Begin XCBuildConfiguration section */
		B06EBC791DD4D81000F42010 /* Debug */ = {
			isa = XCBuildConfiguration;
			buildSettings = {
				ALWAYS_SEARCH_USER_PATHS = NO;
				CLANG_ANALYZER_NONNULL = YES;
				CLANG_CXX_LANGUAGE_STANDARD = "gnu++0x";
				CLANG_CXX_LIBRARY = "libc++";
				CLANG_ENABLE_MODULES = YES;
				CLANG_ENABLE_OBJC_ARC = YES;
				CLANG_WARN_BOOL_CONVERSION = YES;
				CLANG_WARN_CONSTANT_CONVERSION = YES;
				CLANG_WARN_DIRECT_OBJC_ISA_USAGE = YES_ERROR;
				CLANG_WARN_DOCUMENTATION_COMMENTS = YES;
				CLANG_WARN_EMPTY_BODY = YES;
				CLANG_WARN_ENUM_CONVERSION = YES;
				CLANG_WARN_INFINITE_RECURSION = YES;
				CLANG_WARN_INT_CONVERSION = YES;
				CLANG_WARN_OBJC_ROOT_CLASS = YES_ERROR;
				CLANG_WARN_SUSPICIOUS_MOVES = YES;
				CLANG_WARN_UNREACHABLE_CODE = YES;
				CLANG_WARN__DUPLICATE_METHOD_MATCH = YES;
				"CODE_SIGN_IDENTITY[sdk=iphoneos*]" = "iPhone Developer";
				COPY_PHASE_STRIP = NO;
				DEBUG_INFORMATION_FORMAT = dwarf;
				ENABLE_STRICT_OBJC_MSGSEND = YES;
				ENABLE_TESTABILITY = YES;
				GCC_C_LANGUAGE_STANDARD = gnu99;
				GCC_DYNAMIC_NO_PIC = NO;
				GCC_NO_COMMON_BLOCKS = YES;
				GCC_OPTIMIZATION_LEVEL = 0;
				GCC_PREPROCESSOR_DEFINITIONS = (
					"DEBUG=1",
					"$(inherited)",
				);
				GCC_WARN_64_TO_32_BIT_CONVERSION = YES;
				GCC_WARN_ABOUT_RETURN_TYPE = YES_ERROR;
				GCC_WARN_UNDECLARED_SELECTOR = YES;
				GCC_WARN_UNINITIALIZED_AUTOS = YES_AGGRESSIVE;
				GCC_WARN_UNUSED_FUNCTION = YES;
				GCC_WARN_UNUSED_VARIABLE = YES;
				IPHONEOS_DEPLOYMENT_TARGET = 10.0;
				MTL_ENABLE_DEBUG_INFO = YES;
				ONLY_ACTIVE_ARCH = YES;
				SDKROOT = iphoneos;
				SWIFT_ACTIVE_COMPILATION_CONDITIONS = DEBUG;
				SWIFT_OPTIMIZATION_LEVEL = "-Onone";
				TARGETED_DEVICE_FAMILY = "1,2";
			};
			name = Debug;
		};
		B06EBC7A1DD4D81000F42010 /* Release */ = {
			isa = XCBuildConfiguration;
			buildSettings = {
				ALWAYS_SEARCH_USER_PATHS = NO;
				CLANG_ANALYZER_NONNULL = YES;
				CLANG_CXX_LANGUAGE_STANDARD = "gnu++0x";
				CLANG_CXX_LIBRARY = "libc++";
				CLANG_ENABLE_MODULES = YES;
				CLANG_ENABLE_OBJC_ARC = YES;
				CLANG_WARN_BOOL_CONVERSION = YES;
				CLANG_WARN_CONSTANT_CONVERSION = YES;
				CLANG_WARN_DIRECT_OBJC_ISA_USAGE = YES_ERROR;
				CLANG_WARN_DOCUMENTATION_COMMENTS = YES;
				CLANG_WARN_EMPTY_BODY = YES;
				CLANG_WARN_ENUM_CONVERSION = YES;
				CLANG_WARN_INFINITE_RECURSION = YES;
				CLANG_WARN_INT_CONVERSION = YES;
				CLANG_WARN_OBJC_ROOT_CLASS = YES_ERROR;
				CLANG_WARN_SUSPICIOUS_MOVES = YES;
				CLANG_WARN_UNREACHABLE_CODE = YES;
				CLANG_WARN__DUPLICATE_METHOD_MATCH = YES;
				"CODE_SIGN_IDENTITY[sdk=iphoneos*]" = "iPhone Developer";
				COPY_PHASE_STRIP = NO;
				DEBUG_INFORMATION_FORMAT = "dwarf-with-dsym";
				ENABLE_NS_ASSERTIONS = NO;
				ENABLE_STRICT_OBJC_MSGSEND = YES;
				GCC_C_LANGUAGE_STANDARD = gnu99;
				GCC_NO_COMMON_BLOCKS = YES;
				GCC_WARN_64_TO_32_BIT_CONVERSION = YES;
				GCC_WARN_ABOUT_RETURN_TYPE = YES_ERROR;
				GCC_WARN_UNDECLARED_SELECTOR = YES;
				GCC_WARN_UNINITIALIZED_AUTOS = YES_AGGRESSIVE;
				GCC_WARN_UNUSED_FUNCTION = YES;
				GCC_WARN_UNUSED_VARIABLE = YES;
				IPHONEOS_DEPLOYMENT_TARGET = 10.0;
				MTL_ENABLE_DEBUG_INFO = NO;
				SDKROOT = iphoneos;
				SWIFT_OPTIMIZATION_LEVEL = "-Owholemodule";
				TARGETED_DEVICE_FAMILY = "1,2";
				VALIDATE_PRODUCT = YES;
			};
			name = Release;
		};
		B06EBC7C1DD4D81000F42010 /* Debug */ = {
			isa = XCBuildConfiguration;
			buildSettings = {
				ASSETCATALOG_COMPILER_APPICON_NAME = AppIcon;
				INFOPLIST_FILE = TravelRepublicApp/Info.plist;
				LD_RUNPATH_SEARCH_PATHS = "$(inherited) @executable_path/Frameworks";
				PRODUCT_BUNDLE_IDENTIFIER = NAP.TravelRepublicApp;
				PRODUCT_NAME = "$(TARGET_NAME)";
				SWIFT_VERSION = 3.0;
			};
			name = Debug;
		};
		B06EBC7D1DD4D81000F42010 /* Release */ = {
			isa = XCBuildConfiguration;
			buildSettings = {
				ASSETCATALOG_COMPILER_APPICON_NAME = AppIcon;
				INFOPLIST_FILE = TravelRepublicApp/Info.plist;
				LD_RUNPATH_SEARCH_PATHS = "$(inherited) @executable_path/Frameworks";
				PRODUCT_BUNDLE_IDENTIFIER = NAP.TravelRepublicApp;
				PRODUCT_NAME = "$(TARGET_NAME)";
				SWIFT_VERSION = 3.0;
			};
			name = Release;
		};
		B06EBC7F1DD4D81000F42010 /* Debug */ = {
			isa = XCBuildConfiguration;
			buildSettings = {
				ALWAYS_EMBED_SWIFT_STANDARD_LIBRARIES = YES;
				BUNDLE_LOADER = "$(TEST_HOST)";
				INFOPLIST_FILE = TravelRepublicAppTests/Info.plist;
				LD_RUNPATH_SEARCH_PATHS = "$(inherited) @executable_path/Frameworks @loader_path/Frameworks";
				PRODUCT_BUNDLE_IDENTIFIER = NAP.TravelRepublicAppTests;
				PRODUCT_NAME = "$(TARGET_NAME)";
				SWIFT_VERSION = 3.0;
				TEST_HOST = "$(BUILT_PRODUCTS_DIR)/TravelRepublicApp.app/TravelRepublicApp";
			};
			name = Debug;
		};
		B06EBC801DD4D81000F42010 /* Release */ = {
			isa = XCBuildConfiguration;
			buildSettings = {
				ALWAYS_EMBED_SWIFT_STANDARD_LIBRARIES = YES;
				BUNDLE_LOADER = "$(TEST_HOST)";
				INFOPLIST_FILE = TravelRepublicAppTests/Info.plist;
				LD_RUNPATH_SEARCH_PATHS = "$(inherited) @executable_path/Frameworks @loader_path/Frameworks";
				PRODUCT_BUNDLE_IDENTIFIER = NAP.TravelRepublicAppTests;
				PRODUCT_NAME = "$(TARGET_NAME)";
				SWIFT_VERSION = 3.0;
				TEST_HOST = "$(BUILT_PRODUCTS_DIR)/TravelRepublicApp.app/TravelRepublicApp";
			};
			name = Release;
		};
/* End XCBuildConfiguration section */

/* Begin XCConfigurationList section */
		B06EBC561DD4D80F00F42010 /* Build configuration list for PBXProject "TravelRepublicApp" */ = {
			isa = XCConfigurationList;
			buildConfigurations = (
				B06EBC791DD4D81000F42010 /* Debug */,
				B06EBC7A1DD4D81000F42010 /* Release */,
			);
			defaultConfigurationIsVisible = 0;
			defaultConfigurationName = Release;
		};
		B06EBC7B1DD4D81000F42010 /* Build configuration list for PBXNativeTarget "TravelRepublicApp" */ = {
			isa = XCConfigurationList;
			buildConfigurations = (
				B06EBC7C1DD4D81000F42010 /* Debug */,
				B06EBC7D1DD4D81000F42010 /* Release */,
			);
			defaultConfigurationIsVisible = 0;
		};
		B06EBC7E1DD4D81000F42010 /* Build configuration list for PBXNativeTarget "TravelRepublicAppTests" */ = {
			isa = XCConfigurationList;
			buildConfigurations = (
				B06EBC7F1DD4D81000F42010 /* Debug */,
				B06EBC801DD4D81000F42010 /* Release */,
			);
			defaultConfigurationIsVisible = 0;
		};
/* End XCConfigurationList section */

/* Begin XCVersionGroup section */
		B06EBC651DD4D81000F42010 /* TravelRepublicApp.xcdatamodeld */ = {
			isa = XCVersionGroup;
			children = (
				B06EBC661DD4D81000F42010 /* TravelRepublicApp.xcdatamodel */,
			);
			currentVersion = B06EBC661DD4D81000F42010 /* TravelRepublicApp.xcdatamodel */;
			path = TravelRepublicApp.xcdatamodeld;
			sourceTree = "<group>";
			versionGroupType = wrapper.xcdatamodel;
		};
/* End XCVersionGroup section */
	};
	rootObject = B06EBC531DD4D80F00F42010 /* Project object */;
}
